# This file is automatically @generated by Cargo.
# It is not intended for manual editing.
version = 4

[[package]]
name = "dynamic-provider"
version = "0.1.0"
dependencies = [
 "maybe-borrow",
]

[[package]]
name = "maybe-borrow"
version = "0.1.0"
source = "registry+https://github.com/rust-lang/crates.io-index"
checksum = "93f469a7631071cb34dffa1dc481c328913c08664390d3294c81c077ef1f6731"
dependencies = [
 "should-it-compile",
]

[[package]]
name = "should-it-compile"
version = "0.1.1"
source = "registry+https://github.com/rust-lang/crates.io-index"
checksum = "ba6235837d449eeebced573631ef9ad20c2c568fe13989ae1767ad80f8481e79"
